<?xml version="1.0" encoding="utf-8"?>
<Project ToolsVersion="4.0" xmlns="http://schemas.microsoft.com/developer/msbuild/2003">
  <ItemGroup>
    <Filter Include="Source Files">
      <UniqueIdentifier>{4FC737F1-C7A5-4376-A066-2A32D752A2FF}</UniqueIdentifier>
      <Extensions>cpp;c;cc;cxx;c++;cppm;ixx;def;odl;idl;hpj;bat;asm;asmx</Extensions>
    </Filter>
    <Filter Include="Header Files">
      <UniqueIdentifier>{93995380-89BD-4b04-88EB-625FBE52EBFB}</UniqueIdentifier>
      <Extensions>h;hh;hpp;hxx;h++;hm;inl;inc;ipp;xsd</Extensions>
    </Filter>
    <Filter Include="Resource Files">
      <UniqueIdentifier>{67DA6AB6-F800-4c08-8B7A-83BB121AAD01}</UniqueIdentifier>
      <Extensions>rc;ico;cur;bmp;dlg;rc2;rct;bin;rgs;gif;jpg;jpeg;jpe;resx;tiff;tif;png;wav;mfcribbon-ms</Extensions>
    </Filter>
    <Filter Include="Header Files\Nodes">
      <UniqueIdentifier>{126602de-4602-4a40-ae43-36acca2b5ff6}</UniqueIdentifier>
    </Filter>
    <Filter Include="Source Files\Nodes">
      <UniqueIdentifier>{ace1c00f-6a76-45f0-b97d-0521f27ac2e2}</UniqueIdentifier>
    </Filter>
    <Filter Include="Header Files\Nodes\Teapot">
      <UniqueIdentifier>{1c1212c4-310e-4bab-9dcd-3559fe1031b2}</UniqueIdentifier>
    </Filter>
    <Filter Include="Header Files\Nodes\TextureCube">
      <UniqueIdentifier>{b532d63b-2443-4534-981a-fa22ec576f06}</UniqueIdentifier>
    </Filter>
    <Filter Include="Header Files\Nodes\Cube">
      <UniqueIdentifier>{a905163a-af79-41ab-a903-1470e260794b}</UniqueIdentifier>
    </Filter>
    <Filter Include="Header Files\Nodes\Model">
      <UniqueIdentifier>{927cffe1-1eee-46ce-91e5-f75ae9842b33}</UniqueIdentifier>
    </Filter>
  </ItemGroup>
  <ItemGroup>
    <ClInclude Include="Core.h">
      <Filter>Header Files</Filter>
    </ClInclude>
    <ClInclude Include="DirectXApp.h">
      <Filter>Header Files</Filter>
    </ClInclude>
    <ClInclude Include="DirectXCore.h">
      <Filter>Header Files</Filter>
    </ClInclude>
    <ClInclude Include="Framework.h">
      <Filter>Header Files</Filter>
    </ClInclude>
    <ClInclude Include="HelperFunctions.h">
      <Filter>Header Files</Filter>
    </ClInclude>
    <ClInclude Include="targetver.h">
      <Filter>Header Files</Filter>
    </ClInclude>
    <ClInclude Include="SimpleMath.h">
      <Filter>Header Files</Filter>
    </ClInclude>
    <ClInclude Include="pch.h">
      <Filter>Header Files</Filter>
    </ClInclude>
    <ClInclude Include="DirectXFramework.h">
      <Filter>Header Files</Filter>
    </ClInclude>
    <ClInclude Include="WICTextureLoader.h">
      <Filter>Header Files</Filter>
    </ClInclude>
    <ClInclude Include="ObjectNode.h">
      <Filter>Header Files\Nodes</Filter>
    </ClInclude>
    <ClInclude Include="SceneNode.h">
      <Filter>Header Files\Nodes</Filter>
    </ClInclude>
    <ClInclude Include="SceneGraph.h">
      <Filter>Header Files\Nodes</Filter>
    </ClInclude>
    <ClInclude Include="TeapotGeometry.h">
      <Filter>Header Files\Nodes\Teapot</Filter>
    </ClInclude>
    <ClInclude Include="TeapotNode.h">
      <Filter>Header Files\Nodes\Teapot</Filter>
    </ClInclude>
    <ClInclude Include="TextureCubeGeometry.h">
      <Filter>Header Files\Nodes\TextureCube</Filter>
    </ClInclude>
    <ClInclude Include="TextureCubeNode.h">
      <Filter>Header Files\Nodes\TextureCube</Filter>
    </ClInclude>
    <ClInclude Include="CubeGeometry.h">
      <Filter>Header Files\Nodes\Cube</Filter>
    </ClInclude>
    <ClInclude Include="CubeNode.h">
      <Filter>Header Files\Nodes\Cube</Filter>
    </ClInclude>
    <ClInclude Include="Assimp\include\assimp\MathFunctions.h">
      <Filter>Header Files</Filter>
    </ClInclude>
    <ClInclude Include="Assimp\include\assimp\texture.h">
      <Filter>Header Files</Filter>
    </ClInclude>
    <ClInclude Include="Mesh.h">
      <Filter>Header Files</Filter>
    </ClInclude>
    <ClInclude Include="ResourceManager.h">
      <Filter>Header Files</Filter>
    </ClInclude>
    <ClInclude Include="MeshNode.h">
      <Filter>Header Files\Nodes\Model</Filter>
    </ClInclude>
  </ItemGroup>
  <ItemGroup>
    <ClCompile Include="DirectXApp.cpp">
      <Filter>Source Files</Filter>
    </ClCompile>
    <ClCompile Include="Framework.cpp">
      <Filter>Source Files</Filter>
    </ClCompile>
    <ClCompile Include="SimpleMath.cpp">
      <Filter>Source Files</Filter>
    </ClCompile>
    <ClCompile Include="pch.cpp">
      <Filter>Source Files</Filter>
    </ClCompile>
    <ClCompile Include="DirectXFramework.cpp">
      <Filter>Source Files</Filter>
    </ClCompile>
    <ClCompile Include="WICTextureLoader.cpp">
      <Filter>Source Files</Filter>
    </ClCompile>
    <ClCompile Include="TeapotNode.cpp">
      <Filter>Source Files\Nodes</Filter>
    </ClCompile>
    <ClCompile Include="CubeNode.cpp">
      <Filter>Source Files\Nodes</Filter>
    </ClCompile>
    <ClCompile Include="TextureCubeNode.cpp">
      <Filter>Source Files\Nodes</Filter>
    </ClCompile>
    <ClCompile Include="SceneGraph.cpp">
      <Filter>Source Files\Nodes</Filter>
    </ClCompile>
    <ClCompile Include="Mesh.cpp">
      <Filter>Source Files</Filter>
    </ClCompile>
    <ClCompile Include="ResourceManager.cpp">
      <Filter>Source Files</Filter>
    </ClCompile>
    <ClCompile Include="MeshNode.cpp">
      <Filter>Source Files\Nodes</Filter>
    </ClCompile>
  </ItemGroup>
  <ItemGroup>
    <Image Include="DirectXApp.ico">
      <Filter>Resource Files</Filter>
    </Image>
  </ItemGroup>
  <ItemGroup>
    <ResourceCompile Include="DirectXApp.rc">
      <Filter>Resource Files</Filter>
    </ResourceCompile>
  </ItemGroup>
  <ItemGroup>
    <None Include="SimpleMath.inl">
      <Filter>Header Files</Filter>
    </None>
  </ItemGroup>
  <ItemGroup>
    <CopyFileToFolders Include="assimp-vc143-mt.dll" />
    <CopyFileToFolders Include="textureshader.hlsl" />
    <CopyFileToFolders Include="shader.hlsl" />
    <CopyFileToFolders Include="ModelTextureShader.hlsl" />
    <CopyFileToFolders Include="ModelShader.hlsl" />
    <CopyFileToFolders Include="crashbandicoot.mtl" />
    <CopyFileToFolders Include="crashbandicoot.obj" />
    <CopyFileToFolders Include="dirt.jpg">
      <Filter>Resource Files</Filter>
    </CopyFileToFolders>
    <CopyFileToFolders Include="render.png">
      <Filter>Resource Files</Filter>
    </CopyFileToFolders>
    <CopyFileToFolders Include="airplane.x" />
    <CopyFileToFolders Include="back.png">
      <Filter>Resource Files</Filter>
    </CopyFileToFolders>
    <CopyFileToFolders Include="bihull.bmp">
      <Filter>Resource Files</Filter>
    </CopyFileToFolders>
    <CopyFileToFolders Include="color_pallete.png">
      <Filter>Resource Files</Filter>
    </CopyFileToFolders>
    <CopyFileToFolders Include="icon.png">
      <Filter>Resource Files</Filter>
    </CopyFileToFolders>
    <CopyFileToFolders Include="shoes.png">
      <Filter>Resource Files</Filter>
    </CopyFileToFolders>
    <CopyFileToFolders Include="small.ico">
      <Filter>Resource Files</Filter>
    </CopyFileToFolders>
    <CopyFileToFolders Include="wings.bmp">
      <Filter>Resource Files</Filter>
    </CopyFileToFolders>
  </ItemGroup>
</Project>